
Microsoft Visual Studio Solution File, Format Version 12.00
# Visual Studio Version 17
VisualStudioVersion = 17.12.35514.174
MinimumVisualStudioVersion = 10.0.40219.1
Project("{FAE04EC0-301F-11D3-BF4B-00C04F79EFBC}") = "01_Web_API_Intro", "01_Web_API_Intro\01_Web_API_Intro.csproj", "{36253A07-7168-4E50-9DF4-8001139412CB}"
EndProject
Project("{2150E333-8FDC-42A3-9474-1A3956D46DE8}") = "02_Multi_Layer_With_Web_API", "02_Multi_Layer_With_Web_API", "{905A5F69-93B4-4DAD-88D3-988819B4879B}"
EndProject
Project("{FAE04EC0-301F-11D3-BF4B-00C04F79EFBC}") = "Data", "02_Multi_Layer_With_Web_API\Data\Data.csproj", "{6694EC5B-68D9-4570-ABBD-BC9FC1758577}"
EndProject
Project("{FAE04EC0-301F-11D3-BF4B-00C04F79EFBC}") = "Infrastructure", "02_Multi_Layer_With_Web_API\Infrastructure\Infrastructure.csproj", "{E568A022-F16B-4A90-A8EA-FDAAA957BA81}"
EndProject
Project("{FAE04EC0-301F-11D3-BF4B-00C04F79EFBC}") = "Services", "02_Multi_Layer_With_Web_API\Services\Services.csproj", "{476D7973-26DD-48B1-A097-4BAA31D80BD4}"
EndProject
Project("{FAE04EC0-301F-11D3-BF4B-00C04F79EFBC}") = "DTO", "02_Multi_Layer_With_Web_API\DTO\DTO.csproj", "{A43112D9-3587-4843-9894-F8E1AA0057E5}"
EndProject
Project("{FAE04EC0-301F-11D3-BF4B-00C04F79EFBC}") = "Web_API", "02_Multi_Layer_With_Web_API\Web_API\Web_API.csproj", "{79C45BC3-46E3-49F0-B0DB-B6B706367A45}"
EndProject
Project("{FAE04EC0-301F-11D3-BF4B-00C04F79EFBC}") = "WEB_UI_Client", "02_Multi_Layer_With_Web_API\WEB_UI_Client\WEB_UI_Client.csproj", "{A222466D-6991-422B-B101-164C13CA79C2}"
EndProject
Project("{FAE04EC0-301F-11D3-BF4B-00C04F79EFBC}") = "API_Client_Library", "02_Multi_Layer_With_Web_API\API_Client_Library\API_Client_Library.csproj", "{0898E3B6-FF34-4DEE-993A-AC4BA82B3B62}"
EndProject
Global
	GlobalSection(SolutionConfigurationPlatforms) = preSolution
		Debug|Any CPU = Debug|Any CPU
		Release|Any CPU = Release|Any CPU
	EndGlobalSection
	GlobalSection(ProjectConfigurationPlatforms) = postSolution
		{36253A07-7168-4E50-9DF4-8001139412CB}.Debug|Any CPU.ActiveCfg = Debug|Any CPU
		{36253A07-7168-4E50-9DF4-8001139412CB}.Debug|Any CPU.Build.0 = Debug|Any CPU
		{36253A07-7168-4E50-9DF4-8001139412CB}.Release|Any CPU.ActiveCfg = Release|Any CPU
		{36253A07-7168-4E50-9DF4-8001139412CB}.Release|Any CPU.Build.0 = Release|Any CPU
		{6694EC5B-68D9-4570-ABBD-BC9FC1758577}.Debug|Any CPU.ActiveCfg = Debug|Any CPU
		{6694EC5B-68D9-4570-ABBD-BC9FC1758577}.Debug|Any CPU.Build.0 = Debug|Any CPU
		{6694EC5B-68D9-4570-ABBD-BC9FC1758577}.Release|Any CPU.ActiveCfg = Release|Any CPU
		{6694EC5B-68D9-4570-ABBD-BC9FC1758577}.Release|Any CPU.Build.0 = Release|Any CPU
		{E568A022-F16B-4A90-A8EA-FDAAA957BA81}.Debug|Any CPU.ActiveCfg = Debug|Any CPU
		{E568A022-F16B-4A90-A8EA-FDAAA957BA81}.Debug|Any CPU.Build.0 = Debug|Any CPU
		{E568A022-F16B-4A90-A8EA-FDAAA957BA81}.Release|Any CPU.ActiveCfg = Release|Any CPU
		{E568A022-F16B-4A90-A8EA-FDAAA957BA81}.Release|Any CPU.Build.0 = Release|Any CPU
		{476D7973-26DD-48B1-A097-4BAA31D80BD4}.Debug|Any CPU.ActiveCfg = Debug|Any CPU
		{476D7973-26DD-48B1-A097-4BAA31D80BD4}.Debug|Any CPU.Build.0 = Debug|Any CPU
		{476D7973-26DD-48B1-A097-4BAA31D80BD4}.Release|Any CPU.ActiveCfg = Release|Any CPU
		{476D7973-26DD-48B1-A097-4BAA31D80BD4}.Release|Any CPU.Build.0 = Release|Any CPU
		{A43112D9-3587-4843-9894-F8E1AA0057E5}.Debug|Any CPU.ActiveCfg = Debug|Any CPU
		{A43112D9-3587-4843-9894-F8E1AA0057E5}.Debug|Any CPU.Build.0 = Debug|Any CPU
		{A43112D9-3587-4843-9894-F8E1AA0057E5}.Release|Any CPU.ActiveCfg = Release|Any CPU
		{A43112D9-3587-4843-9894-F8E1AA0057E5}.Release|Any CPU.Build.0 = Release|Any CPU
		{79C45BC3-46E3-49F0-B0DB-B6B706367A45}.Debug|Any CPU.ActiveCfg = Debug|Any CPU
		{79C45BC3-46E3-49F0-B0DB-B6B706367A45}.Debug|Any CPU.Build.0 = Debug|Any CPU
		{79C45BC3-46E3-49F0-B0DB-B6B706367A45}.Release|Any CPU.ActiveCfg = Release|Any CPU
		{79C45BC3-46E3-49F0-B0DB-B6B706367A45}.Release|Any CPU.Build.0 = Release|Any CPU
		{A222466D-6991-422B-B101-164C13CA79C2}.Debug|Any CPU.ActiveCfg = Debug|Any CPU
		{A222466D-6991-422B-B101-164C13CA79C2}.Debug|Any CPU.Build.0 = Debug|Any CPU
		{A222466D-6991-422B-B101-164C13CA79C2}.Release|Any CPU.ActiveCfg = Release|Any CPU
		{A222466D-6991-422B-B101-164C13CA79C2}.Release|Any CPU.Build.0 = Release|Any CPU
		{0898E3B6-FF34-4DEE-993A-AC4BA82B3B62}.Debug|Any CPU.ActiveCfg = Debug|Any CPU
		{0898E3B6-FF34-4DEE-993A-AC4BA82B3B62}.Debug|Any CPU.Build.0 = Debug|Any CPU
		{0898E3B6-FF34-4DEE-993A-AC4BA82B3B62}.Release|Any CPU.ActiveCfg = Release|Any CPU
		{0898E3B6-FF34-4DEE-993A-AC4BA82B3B62}.Release|Any CPU.Build.0 = Release|Any CPU
	EndGlobalSection
	GlobalSection(SolutionProperties) = preSolution
		HideSolutionNode = FALSE
	EndGlobalSection
	GlobalSection(NestedProjects) = preSolution
		{6694EC5B-68D9-4570-ABBD-BC9FC1758577} = {905A5F69-93B4-4DAD-88D3-988819B4879B}
		{E568A022-F16B-4A90-A8EA-FDAAA957BA81} = {905A5F69-93B4-4DAD-88D3-988819B4879B}
		{476D7973-26DD-48B1-A097-4BAA31D80BD4} = {905A5F69-93B4-4DAD-88D3-988819B4879B}
		{A43112D9-3587-4843-9894-F8E1AA0057E5} = {905A5F69-93B4-4DAD-88D3-988819B4879B}
		{79C45BC3-46E3-49F0-B0DB-B6B706367A45} = {905A5F69-93B4-4DAD-88D3-988819B4879B}
		{A222466D-6991-422B-B101-164C13CA79C2} = {905A5F69-93B4-4DAD-88D3-988819B4879B}
		{0898E3B6-FF34-4DEE-993A-AC4BA82B3B62} = {905A5F69-93B4-4DAD-88D3-988819B4879B}
	EndGlobalSection
EndGlobal
